
Microsoft Visual Studio Solution File, Format Version 12.00
# Visual Studio Version 17
VisualStudioVersion = 17.4.33122.133
MinimumVisualStudioVersion = 10.0.40219.1
Project("{FAE04EC0-301F-11D3-BF4B-00C04F79EFBC}") = "QL_LKMT", "QL_LKMT\QL_LKMT.csproj", "{DC66DC87-32CC-4510-B49A-D9862392E91F}"
EndProject
Global
	GlobalSection(SolutionConfigurationPlatforms) = preSolution
		Debug|Any CPU = Debug|Any CPU
		Release|Any CPU = Release|Any CPU
	EndGlobalSection
	GlobalSection(ProjectConfigurationPlatforms) = postSolution
		{DC66DC87-32CC-4510-B49A-D9862392E91F}.Debug|Any CPU.ActiveCfg = Debug|Any CPU
		{DC66DC87-32CC-4510-B49A-D9862392E91F}.Debug|Any CPU.Build.0 = Debug|Any CPU
		{DC66DC87-32CC-4510-B49A-D9862392E91F}.Release|Any CPU.ActiveCfg = Release|Any CPU
		{DC66DC87-32CC-4510-B49A-D9862392E91F}.Release|Any CPU.Build.0 = Release|Any CPU
	EndGlobalSection
	GlobalSection(SolutionProperties) = preSolution
		HideSolutionNode = FALSE
	EndGlobalSection
	GlobalSection(ExtensibilityGlobals) = postSolution
		SolutionGuid = {1E676C0B-23BF-4F49-A9BC-29E06B7DFB3C}
	EndGlobalSection
EndGlobal
